// !$*UTF8*$!
{
	archiveVersion = 1;
	classes = {
	};
	objectVersion = 46;
	objects = {

/* Begin PBXBuildFile section */
		176590CD1CA48D5E00243926 /* COLORDemoButton.m in Sources */ = {isa = PBXBuildFile; fileRef = 176590CC1CA48D5E00243926 /* COLORDemoButton.m */; };
		177005091E797CFF00CEA751 /* main.m in Sources */ = {isa = PBXBuildFile; fileRef = 177005081E797CFF00CEA751 /* main.m */; };
		177005121E797CFF00CEA751 /* Main.storyboard in Resources */ = {isa = PBXBuildFile; fileRef = 177005101E797CFF00CEA751 /* Main.storyboard */; };
		177005141E797CFF00CEA751 /* Assets.xcassets in Resources */ = {isa = PBXBuildFile; fileRef = 177005131E797CFF00CEA751 /* Assets.xcassets */; };
		177005171E797CFF00CEA751 /* LaunchScreen.storyboard in Resources */ = {isa = PBXBuildFile; fileRef = 177005151E797CFF00CEA751 /* LaunchScreen.storyboard */; };
		1770051C1E799AD700CEA751 /* AppDelegate.m in Sources */ = {isa = PBXBuildFile; fileRef = CBF73A881C81039600C599A3 /* AppDelegate.m */; };
		1770051D1E799AD700CEA751 /* ViewController.m in Sources */ = {isa = PBXBuildFile; fileRef = CBF73A8B1C81039600C599A3 /* ViewController.m */; };
		177005241E79A1AA00CEA751 /* COLORMobileAdFramework.framework in Frameworks */ = {isa = PBXBuildFile; fileRef = 177005221E79A19700CEA751 /* COLORMobileAdFramework.framework */; };
		177005251E79A1AA00CEA751 /* COLORMobileAdFramework.framework in Embed Frameworks */ = {isa = PBXBuildFile; fileRef = 177005221E79A19700CEA751 /* COLORMobileAdFramework.framework */; settings = {ATTRIBUTES = (CodeSignOnCopy, RemoveHeadersOnCopy, ); }; };
		177005291E79B5E500CEA751 /* VideoViewController.m in Sources */ = {isa = PBXBuildFile; fileRef = 177005281E79B5E500CEA751 /* VideoViewController.m */; };
		1770052A1E79B80500CEA751 /* VideoViewController.m in Sources */ = {isa = PBXBuildFile; fileRef = 177005281E79B5E500CEA751 /* VideoViewController.m */; };
		BD8A5B351EB879F400E92AA6 /* DemoPlayerVideoView.m in Sources */ = {isa = PBXBuildFile; fileRef = BD8A5B341EB879F400E92AA6 /* DemoPlayerVideoView.m */; };
		BD8A5B361EB879F400E92AA6 /* DemoPlayerVideoView.m in Sources */ = {isa = PBXBuildFile; fileRef = BD8A5B341EB879F400E92AA6 /* DemoPlayerVideoView.m */; };
		CBF73A861C81039600C599A3 /* main.m in Sources */ = {isa = PBXBuildFile; fileRef = CBF73A851C81039600C599A3 /* main.m */; };
		CBF73A891C81039600C599A3 /* AppDelegate.m in Sources */ = {isa = PBXBuildFile; fileRef = CBF73A881C81039600C599A3 /* AppDelegate.m */; };
		CBF73A8C1C81039600C599A3 /* ViewController.m in Sources */ = {isa = PBXBuildFile; fileRef = CBF73A8B1C81039600C599A3 /* ViewController.m */; };
		CBF73A8F1C81039600C599A3 /* Main.storyboard in Resources */ = {isa = PBXBuildFile; fileRef = CBF73A8D1C81039600C599A3 /* Main.storyboard */; };
		CBF73A911C81039600C599A3 /* Assets.xcassets in Resources */ = {isa = PBXBuildFile; fileRef = CBF73A901C81039600C599A3 /* Assets.xcassets */; };
		CBF73AB51C8103BC00C599A3 /* COLORAdFramework.framework in Frameworks */ = {isa = PBXBuildFile; fileRef = CBF73AB41C8103BC00C599A3 /* COLORAdFramework.framework */; };
		CBF73AB61C8103BC00C599A3 /* COLORAdFramework.framework in Embed Frameworks */ = {isa = PBXBuildFile; fileRef = CBF73AB41C8103BC00C599A3 /* COLORAdFramework.framework */; settings = {ATTRIBUTES = (CodeSignOnCopy, RemoveHeadersOnCopy, ); }; };
		CBF73AB91C81054B00C599A3 /* demo-app-bg.png in Resources */ = {isa = PBXBuildFile; fileRef = CBF73AB81C81054B00C599A3 /* demo-app-bg.png */; };
/* End PBXBuildFile section */

/* Begin PBXCopyFilesBuildPhase section */
		177005261E79A1AA00CEA751 /* Embed Frameworks */ = {
			isa = PBXCopyFilesBuildPhase;
			buildActionMask = 2147483647;
			dstPath = "";
			dstSubfolderSpec = 10;
			files = (
				177005251E79A1AA00CEA751 /* COLORMobileAdFramework.framework in Embed Frameworks */,
			);
			name = "Embed Frameworks";
			runOnlyForDeploymentPostprocessing = 0;
		};
		CBF73AB71C8103BC00C599A3 /* Embed Frameworks */ = {
			isa = PBXCopyFilesBuildPhase;
			buildActionMask = 2147483647;
			dstPath = "";
			dstSubfolderSpec = 10;
			files = (
				CBF73AB61C8103BC00C599A3 /* COLORAdFramework.framework in Embed Frameworks */,
			);
			name = "Embed Frameworks";
			runOnlyForDeploymentPostprocessing = 0;
		};
/* End PBXCopyFilesBuildPhase section */

/* Begin PBXFileReference section */
		176590CB1CA48D5E00243926 /* COLORDemoButton.h */ = {isa = PBXFileReference; fileEncoding = 4; lastKnownFileType = sourcecode.c.h; path = COLORDemoButton.h; sourceTree = "<group>"; };
		176590CC1CA48D5E00243926 /* COLORDemoButton.m */ = {isa = PBXFileReference; fileEncoding = 4; lastKnownFileType = sourcecode.c.objc; path = COLORDemoButton.m; sourceTree = "<group>"; };
		177005051E797CFF00CEA751 /* ColorTV Demo Objective-C.app */ = {isa = PBXFileReference; explicitFileType = wrapper.application; includeInIndex = 0; path = "ColorTV Demo Objective-C.app"; sourceTree = BUILT_PRODUCTS_DIR; };
		177005081E797CFF00CEA751 /* main.m */ = {isa = PBXFileReference; lastKnownFileType = sourcecode.c.objc; path = main.m; sourceTree = "<group>"; };
		177005111E797CFF00CEA751 /* Base */ = {isa = PBXFileReference; lastKnownFileType = file.storyboard; name = Base; path = Base.lproj/Main.storyboard; sourceTree = "<group>"; };
		177005131E797CFF00CEA751 /* Assets.xcassets */ = {isa = PBXFileReference; lastKnownFileType = folder.assetcatalog; path = Assets.xcassets; sourceTree = "<group>"; };
		177005161E797CFF00CEA751 /* Base */ = {isa = PBXFileReference; lastKnownFileType = file.storyboard; name = Base; path = Base.lproj/LaunchScreen.storyboard; sourceTree = "<group>"; };
		177005181E797CFF00CEA751 /* Info.plist */ = {isa = PBXFileReference; lastKnownFileType = text.plist.xml; path = Info.plist; sourceTree = "<group>"; };
		177005221E79A19700CEA751 /* COLORMobileAdFramework.framework */ = {isa = PBXFileReference; lastKnownFileType = wrapper.framework; path = COLORMobileAdFramework.framework; sourceTree = "<group>"; };
		177005271E79B5E500CEA751 /* VideoViewController.h */ = {isa = PBXFileReference; fileEncoding = 4; lastKnownFileType = sourcecode.c.h; path = VideoViewController.h; sourceTree = "<group>"; };
		177005281E79B5E500CEA751 /* VideoViewController.m */ = {isa = PBXFileReference; fileEncoding = 4; lastKnownFileType = sourcecode.c.objc; path = VideoViewController.m; sourceTree = "<group>"; };
		BD8A5B331EB879F400E92AA6 /* DemoPlayerVideoView.h */ = {isa = PBXFileReference; fileEncoding = 4; lastKnownFileType = sourcecode.c.h; path = DemoPlayerVideoView.h; sourceTree = "<group>"; };
		BD8A5B341EB879F400E92AA6 /* DemoPlayerVideoView.m */ = {isa = PBXFileReference; fileEncoding = 4; lastKnownFileType = sourcecode.c.objc; path = DemoPlayerVideoView.m; sourceTree = "<group>"; };
		CBF73A811C81039600C599A3 /* ColorTV Demo.app */ = {isa = PBXFileReference; explicitFileType = wrapper.application; includeInIndex = 0; path = "ColorTV Demo.app"; sourceTree = BUILT_PRODUCTS_DIR; };
		CBF73A851C81039600C599A3 /* main.m */ = {isa = PBXFileReference; lastKnownFileType = sourcecode.c.objc; path = main.m; sourceTree = "<group>"; };
		CBF73A871C81039600C599A3 /* AppDelegate.h */ = {isa = PBXFileReference; lastKnownFileType = sourcecode.c.h; path = AppDelegate.h; sourceTree = "<group>"; };
		CBF73A881C81039600C599A3 /* AppDelegate.m */ = {isa = PBXFileReference; lastKnownFileType = sourcecode.c.objc; path = AppDelegate.m; sourceTree = "<group>"; };
		CBF73A8A1C81039600C599A3 /* ViewController.h */ = {isa = PBXFileReference; lastKnownFileType = sourcecode.c.h; path = ViewController.h; sourceTree = "<group>"; };
		CBF73A8B1C81039600C599A3 /* ViewController.m */ = {isa = PBXFileReference; lastKnownFileType = sourcecode.c.objc; path = ViewController.m; sourceTree = "<group>"; };
		CBF73A8E1C81039600C599A3 /* Base */ = {isa = PBXFileReference; lastKnownFileType = file.storyboard; name = Base; path = Base.lproj/Main.storyboard; sourceTree = "<group>"; };
		CBF73A901C81039600C599A3 /* Assets.xcassets */ = {isa = PBXFileReference; lastKnownFileType = folder.assetcatalog; path = Assets.xcassets; sourceTree = "<group>"; };
		CBF73A921C81039600C599A3 /* Info.plist */ = {isa = PBXFileReference; lastKnownFileType = text.plist.xml; path = Info.plist; sourceTree = "<group>"; };
		CBF73AB41C8103BC00C599A3 /* COLORAdFramework.framework */ = {isa = PBXFileReference; lastKnownFileType = wrapper.framework; path = COLORAdFramework.framework; sourceTree = "<group>"; };
		CBF73AB81C81054B00C599A3 /* demo-app-bg.png */ = {isa = PBXFileReference; lastKnownFileType = image.png; path = "demo-app-bg.png"; sourceTree = "<group>"; };
/* End PBXFileReference section */

/* Begin PBXFrameworksBuildPhase section */
		177005021E797CFF00CEA751 /* Frameworks */ = {
			isa = PBXFrameworksBuildPhase;
			buildActionMask = 2147483647;
			files = (
				177005241E79A1AA00CEA751 /* COLORMobileAdFramework.framework in Frameworks */,
			);
			runOnlyForDeploymentPostprocessing = 0;
		};
		CBF73A7E1C81039600C599A3 /* Frameworks */ = {
			isa = PBXFrameworksBuildPhase;
			buildActionMask = 2147483647;
			files = (
				CBF73AB51C8103BC00C599A3 /* COLORAdFramework.framework in Frameworks */,
			);
			runOnlyForDeploymentPostprocessing = 0;
		};
/* End PBXFrameworksBuildPhase section */

/* Begin PBXGroup section */
		177005061E797CFF00CEA751 /* ColorTV Demo Objective-C iOS */ = {
			isa = PBXGroup;
			children = (
				177005101E797CFF00CEA751 /* Main.storyboard */,
				177005131E797CFF00CEA751 /* Assets.xcassets */,
				177005151E797CFF00CEA751 /* LaunchScreen.storyboard */,
				177005181E797CFF00CEA751 /* Info.plist */,
				177005071E797CFF00CEA751 /* Supporting Files */,
			);
			path = "ColorTV Demo Objective-C iOS";
			sourceTree = "<group>";
		};
		177005071E797CFF00CEA751 /* Supporting Files */ = {
			isa = PBXGroup;
			children = (
				177005081E797CFF00CEA751 /* main.m */,
			);
			name = "Supporting Files";
			sourceTree = "<group>";
		};
		177005211E79A19700CEA751 /* Frameworks */ = {
			isa = PBXGroup;
			children = (
				CBF73AB41C8103BC00C599A3 /* COLORAdFramework.framework */,
				177005221E79A19700CEA751 /* COLORMobileAdFramework.framework */,
			);
			name = Frameworks;
			sourceTree = "<group>";
		};
		CBF73A781C81039600C599A3 = {
			isa = PBXGroup;
			children = (
				CBF73A831C81039600C599A3 /* ColorTV Demo Objective-C */,
				177005061E797CFF00CEA751 /* ColorTV Demo Objective-C iOS */,
				CBF73A821C81039600C599A3 /* Products */,
				177005211E79A19700CEA751 /* Frameworks */,
			);
			sourceTree = "<group>";
		};
		CBF73A821C81039600C599A3 /* Products */ = {
			isa = PBXGroup;
			children = (
				CBF73A811C81039600C599A3 /* ColorTV Demo.app */,
				177005051E797CFF00CEA751 /* ColorTV Demo Objective-C.app */,
			);
			name = Products;
			sourceTree = "<group>";
		};
		CBF73A831C81039600C599A3 /* ColorTV Demo Objective-C */ = {
			isa = PBXGroup;
			children = (
				176590CB1CA48D5E00243926 /* COLORDemoButton.h */,
				176590CC1CA48D5E00243926 /* COLORDemoButton.m */,
				CBF73AB81C81054B00C599A3 /* demo-app-bg.png */,
				CBF73A871C81039600C599A3 /* AppDelegate.h */,
				CBF73A881C81039600C599A3 /* AppDelegate.m */,
				CBF73A8A1C81039600C599A3 /* ViewController.h */,
				CBF73A8B1C81039600C599A3 /* ViewController.m */,
				177005271E79B5E500CEA751 /* VideoViewController.h */,
				177005281E79B5E500CEA751 /* VideoViewController.m */,
				BD8A5B331EB879F400E92AA6 /* DemoPlayerVideoView.h */,
				BD8A5B341EB879F400E92AA6 /* DemoPlayerVideoView.m */,
				CBF73A8D1C81039600C599A3 /* Main.storyboard */,
				CBF73A901C81039600C599A3 /* Assets.xcassets */,
				CBF73A921C81039600C599A3 /* Info.plist */,
				CBF73A841C81039600C599A3 /* Supporting Files */,
			);
			path = "ColorTV Demo Objective-C";
			sourceTree = "<group>";
		};
		CBF73A841C81039600C599A3 /* Supporting Files */ = {
			isa = PBXGroup;
			children = (
				CBF73A851C81039600C599A3 /* main.m */,
			);
			name = "Supporting Files";
			sourceTree = "<group>";
		};
/* End PBXGroup section */

/* Begin PBXNativeTarget section */
		177005041E797CFF00CEA751 /* ColorTV Demo Objective-C iOS */ = {
			isa = PBXNativeTarget;
			buildConfigurationList = 1770051B1E797CFF00CEA751 /* Build configuration list for PBXNativeTarget "ColorTV Demo Objective-C iOS" */;
			buildPhases = (
				177005011E797CFF00CEA751 /* Sources */,
				177005021E797CFF00CEA751 /* Frameworks */,
				177005031E797CFF00CEA751 /* Resources */,
				177005261E79A1AA00CEA751 /* Embed Frameworks */,
			);
			buildRules = (
			);
			dependencies = (
			);
			name = "ColorTV Demo Objective-C iOS";
			productName = "ColorTV Demo Objective-C iOS";
			productReference = 177005051E797CFF00CEA751 /* ColorTV Demo Objective-C.app */;
			productType = "com.apple.product-type.application";
		};
		CBF73A801C81039600C599A3 /* ColorTV Demo Objective-C */ = {
			isa = PBXNativeTarget;
			buildConfigurationList = CBF73AAB1C81039600C599A3 /* Build configuration list for PBXNativeTarget "ColorTV Demo Objective-C" */;
			buildPhases = (
				CBF73A7D1C81039600C599A3 /* Sources */,
				CBF73A7E1C81039600C599A3 /* Frameworks */,
				CBF73A7F1C81039600C599A3 /* Resources */,
				CBF73AB71C8103BC00C599A3 /* Embed Frameworks */,
			);
			buildRules = (
			);
			dependencies = (
			);
			name = "ColorTV Demo Objective-C";
			productName = "ColorTV Demo Objective-C";
			productReference = CBF73A811C81039600C599A3 /* ColorTV Demo.app */;
			productType = "com.apple.product-type.application";
		};
/* End PBXNativeTarget section */

/* Begin PBXProject section */
		CBF73A791C81039600C599A3 /* Project object */ = {
			isa = PBXProject;
			attributes = {
				LastUpgradeCheck = 0800;
				ORGANIZATIONNAME = "Jordan Jasinski";
				TargetAttributes = {
					177005041E797CFF00CEA751 = {
						CreatedOnToolsVersion = 8.2.1;
						DevelopmentTeam = RW6DR85M92;
						ProvisioningStyle = Automatic;
					};
					CBF73A801C81039600C599A3 = {
						CreatedOnToolsVersion = 7.2.1;
						DevelopmentTeam = RW6DR85M92;
					};
				};
			};
			buildConfigurationList = CBF73A7C1C81039600C599A3 /* Build configuration list for PBXProject "ColorTV Demo Objective-C" */;
			compatibilityVersion = "Xcode 3.2";
			developmentRegion = English;
			hasScannedForEncodings = 0;
			knownRegions = (
				en,
				Base,
			);
			mainGroup = CBF73A781C81039600C599A3;
			productRefGroup = CBF73A821C81039600C599A3 /* Products */;
			projectDirPath = "";
			projectRoot = "";
			targets = (
				CBF73A801C81039600C599A3 /* ColorTV Demo Objective-C */,
				177005041E797CFF00CEA751 /* ColorTV Demo Objective-C iOS */,
			);
		};
/* End PBXProject section */

/* Begin PBXResourcesBuildPhase section */
		177005031E797CFF00CEA751 /* Resources */ = {
			isa = PBXResourcesBuildPhase;
			buildActionMask = 2147483647;
			files = (
				177005171E797CFF00CEA751 /* LaunchScreen.storyboard in Resources */,
				177005141E797CFF00CEA751 /* Assets.xcassets in Resources */,
				177005121E797CFF00CEA751 /* Main.storyboard in Resources */,
			);
			runOnlyForDeploymentPostprocessing = 0;
		};
		CBF73A7F1C81039600C599A3 /* Resources */ = {
			isa = PBXResourcesBuildPhase;
			buildActionMask = 2147483647;
			files = (
				CBF73AB91C81054B00C599A3 /* demo-app-bg.png in Resources */,
				CBF73A911C81039600C599A3 /* Assets.xcassets in Resources */,
				CBF73A8F1C81039600C599A3 /* Main.storyboard in Resources */,
			);
			runOnlyForDeploymentPostprocessing = 0;
		};
/* End PBXResourcesBuildPhase section */

/* Begin PBXSourcesBuildPhase section */
		177005011E797CFF00CEA751 /* Sources */ = {
			isa = PBXSourcesBuildPhase;
			buildActionMask = 2147483647;
			files = (
				1770052A1E79B80500CEA751 /* VideoViewController.m in Sources */,
				1770051C1E799AD700CEA751 /* AppDelegate.m in Sources */,
				1770051D1E799AD700CEA751 /* ViewController.m in Sources */,
				177005091E797CFF00CEA751 /* main.m in Sources */,
				BD8A5B361EB879F400E92AA6 /* DemoPlayerVideoView.m in Sources */,
			);
			runOnlyForDeploymentPostprocessing = 0;
		};
		CBF73A7D1C81039600C599A3 /* Sources */ = {
			isa = PBXSourcesBuildPhase;
			buildActionMask = 2147483647;
			files = (
				BD8A5B351EB879F400E92AA6 /* DemoPlayerVideoView.m in Sources */,
				177005291E79B5E500CEA751 /* VideoViewController.m in Sources */,
				176590CD1CA48D5E00243926 /* COLORDemoButton.m in Sources */,
				CBF73A8C1C81039600C599A3 /* ViewController.m in Sources */,
				CBF73A891C81039600C599A3 /* AppDelegate.m in Sources */,
				CBF73A861C81039600C599A3 /* main.m in Sources */,
			);
			runOnlyForDeploymentPostprocessing = 0;
		};
/* End PBXSourcesBuildPhase section */

/* Begin PBXVariantGroup section */
		177005101E797CFF00CEA751 /* Main.storyboard */ = {
			isa = PBXVariantGroup;
			children = (
				177005111E797CFF00CEA751 /* Base */,
			);
			name = Main.storyboard;
			sourceTree = "<group>";
		};
		177005151E797CFF00CEA751 /* LaunchScreen.storyboard */ = {
			isa = PBXVariantGroup;
			children = (
				177005161E797CFF00CEA751 /* Base */,
			);
			name = LaunchScreen.storyboard;
			sourceTree = "<group>";
		};
		CBF73A8D1C81039600C599A3 /* Main.storyboard */ = {
			isa = PBXVariantGroup;
			children = (
				CBF73A8E1C81039600C599A3 /* Base */,
			);
			name = Main.storyboard;
			sourceTree = "<group>";
		};
/* End PBXVariantGroup section */

/* Begin XCBuildConfiguration section */
		177005191E797CFF00CEA751 /* Debug */ = {
			isa = XCBuildConfiguration;
			buildSettings = {
				ASSETCATALOG_COMPILER_APPICON_NAME = AppIcon;
				CLANG_ANALYZER_NONNULL = YES;
				CLANG_WARN_DOCUMENTATION_COMMENTS = YES;
				"CODE_SIGN_IDENTITY[sdk=iphoneos*]" = "iPhone Developer";
				DEVELOPMENT_TEAM = RW6DR85M92;
				FRAMEWORK_SEARCH_PATHS = (
					"$(inherited)",
					"$(PROJECT_DIR)",
				);
				INFOPLIST_FILE = "ColorTV Demo Objective-C iOS/Info.plist";
				IPHONEOS_DEPLOYMENT_TARGET = 10.2;
				LD_RUNPATH_SEARCH_PATHS = "$(inherited) @executable_path/Frameworks";
				PRODUCT_BUNDLE_IDENTIFIER = "com.colortv.ColorTV-Demo-Objective-C-iOS";
				PRODUCT_NAME = "ColorTV Demo Objective-C";
				SDKROOT = iphoneos;
				TARGETED_DEVICE_FAMILY = "1,2";
			};
			name = Debug;
		};
		1770051A1E797CFF00CEA751 /* Release */ = {
			isa = XCBuildConfiguration;
			buildSettings = {
				ASSETCATALOG_COMPILER_APPICON_NAME = AppIcon;
				CLANG_ANALYZER_NONNULL = YES;
				CLANG_WARN_DOCUMENTATION_COMMENTS = YES;
				"CODE_SIGN_IDENTITY[sdk=iphoneos*]" = "iPhone Developer";
				DEVELOPMENT_TEAM = RW6DR85M92;
				FRAMEWORK_SEARCH_PATHS = (
					"$(inherited)",
					"$(PROJECT_DIR)",
				);
				INFOPLIST_FILE = "ColorTV Demo Objective-C iOS/Info.plist";
				IPHONEOS_DEPLOYMENT_TARGET = 10.2;
				LD_RUNPATH_SEARCH_PATHS = "$(inherited) @executable_path/Frameworks";
				PRODUCT_BUNDLE_IDENTIFIER = "com.colortv.ColorTV-Demo-Objective-C-iOS";
				PRODUCT_NAME = "ColorTV Demo Objective-C";
				SDKROOT = iphoneos;
				TARGETED_DEVICE_FAMILY = "1,2";
			};
			name = Release;
		};
		CBF73AA91C81039600C599A3 /* Debug */ = {
			isa = XCBuildConfiguration;
			buildSettings = {
				ALWAYS_SEARCH_USER_PATHS = NO;
				CLANG_CXX_LANGUAGE_STANDARD = "gnu++0x";
				CLANG_CXX_LIBRARY = "libc++";
				CLANG_ENABLE_MODULES = YES;
				CLANG_ENABLE_OBJC_ARC = YES;
				CLANG_WARN_BOOL_CONVERSION = YES;
				CLANG_WARN_CONSTANT_CONVERSION = YES;
				CLANG_WARN_DIRECT_OBJC_ISA_USAGE = YES_ERROR;
				CLANG_WARN_EMPTY_BODY = YES;
				CLANG_WARN_ENUM_CONVERSION = YES;
				CLANG_WARN_INFINITE_RECURSION = YES;
				CLANG_WARN_INT_CONVERSION = YES;
				CLANG_WARN_OBJC_ROOT_CLASS = YES_ERROR;
				CLANG_WARN_SUSPICIOUS_MOVE = YES;
				CLANG_WARN_UNREACHABLE_CODE = YES;
				CLANG_WARN__DUPLICATE_METHOD_MATCH = YES;
				COPY_PHASE_STRIP = NO;
				DEBUG_INFORMATION_FORMAT = dwarf;
				ENABLE_STRICT_OBJC_MSGSEND = YES;
				ENABLE_TESTABILITY = YES;
				GCC_C_LANGUAGE_STANDARD = gnu99;
				GCC_DYNAMIC_NO_PIC = NO;
				GCC_NO_COMMON_BLOCKS = YES;
				GCC_OPTIMIZATION_LEVEL = 0;
				GCC_PREPROCESSOR_DEFINITIONS = (
					"DEBUG=1",
					"$(inherited)",
				);
				GCC_WARN_64_TO_32_BIT_CONVERSION = YES;
				GCC_WARN_ABOUT_RETURN_TYPE = YES_ERROR;
				GCC_WARN_UNDECLARED_SELECTOR = YES;
				GCC_WARN_UNINITIALIZED_AUTOS = YES_AGGRESSIVE;
				GCC_WARN_UNUSED_FUNCTION = YES;
				GCC_WARN_UNUSED_VARIABLE = YES;
				MTL_ENABLE_DEBUG_INFO = YES;
				ONLY_ACTIVE_ARCH = YES;
				SDKROOT = appletvos;
				TARGETED_DEVICE_FAMILY = 3;
				TVOS_DEPLOYMENT_TARGET = 9.1;
			};
			name = Debug;
		};
		CBF73AAA1C81039600C599A3 /* Release */ = {
			isa = XCBuildConfiguration;
			buildSettings = {
				ALWAYS_SEARCH_USER_PATHS = NO;
				CLANG_CXX_LANGUAGE_STANDARD = "gnu++0x";
				CLANG_CXX_LIBRARY = "libc++";
				CLANG_ENABLE_MODULES = YES;
				CLANG_ENABLE_OBJC_ARC = YES;
				CLANG_WARN_BOOL_CONVERSION = YES;
				CLANG_WARN_CONSTANT_CONVERSION = YES;
				CLANG_WARN_DIRECT_OBJC_ISA_USAGE = YES_ERROR;
				CLANG_WARN_EMPTY_BODY = YES;
				CLANG_WARN_ENUM_CONVERSION = YES;
				CLANG_WARN_INFINITE_RECURSION = YES;
				CLANG_WARN_INT_CONVERSION = YES;
				CLANG_WARN_OBJC_ROOT_CLASS = YES_ERROR;
				CLANG_WARN_SUSPICIOUS_MOVE = YES;
				CLANG_WARN_UNREACHABLE_CODE = YES;
				CLANG_WARN__DUPLICATE_METHOD_MATCH = YES;
				COPY_PHASE_STRIP = NO;
				DEBUG_INFORMATION_FORMAT = "dwarf-with-dsym";
				ENABLE_NS_ASSERTIONS = NO;
				ENABLE_STRICT_OBJC_MSGSEND = YES;
				GCC_C_LANGUAGE_STANDARD = gnu99;
				GCC_NO_COMMON_BLOCKS = YES;
				GCC_WARN_64_TO_32_BIT_CONVERSION = YES;
				GCC_WARN_ABOUT_RETURN_TYPE = YES_ERROR;
				GCC_WARN_UNDECLARED_SELECTOR = YES;
				GCC_WARN_UNINITIALIZED_AUTOS = YES_AGGRESSIVE;
				GCC_WARN_UNUSED_FUNCTION = YES;
				GCC_WARN_UNUSED_VARIABLE = YES;
				MTL_ENABLE_DEBUG_INFO = NO;
				SDKROOT = appletvos;
				TARGETED_DEVICE_FAMILY = 3;
				TVOS_DEPLOYMENT_TARGET = 9.1;
				VALIDATE_PRODUCT = YES;
			};
			name = Release;
		};
		CBF73AAC1C81039600C599A3 /* Debug */ = {
			isa = XCBuildConfiguration;
			buildSettings = {
				ASSETCATALOG_COMPILER_APPICON_NAME = "App Icon & Top Shelf Image";
				ASSETCATALOG_COMPILER_LAUNCHIMAGE_NAME = LaunchImage;
				CODE_SIGN_IDENTITY = "iPhone Developer";
				"CODE_SIGN_IDENTITY[sdk=appletvos*]" = "iPhone Developer";
				FRAMEWORK_SEARCH_PATHS = (
					"$(inherited)",
					"$(PROJECT_DIR)",
				);
				INFOPLIST_FILE = "ColorTV Demo Objective-C/Info.plist";
				LD_RUNPATH_SEARCH_PATHS = "$(inherited) @executable_path/Frameworks";
				PRODUCT_BUNDLE_IDENTIFIER = "com.colortv.Demo-Objective-C";
				PRODUCT_NAME = "ColorTV Demo";
				PROVISIONING_PROFILE = "";
			};
			name = Debug;
		};
		CBF73AAD1C81039600C599A3 /* Release */ = {
			isa = XCBuildConfiguration;
			buildSettings = {
				ASSETCATALOG_COMPILER_APPICON_NAME = "App Icon & Top Shelf Image";
				ASSETCATALOG_COMPILER_LAUNCHIMAGE_NAME = LaunchImage;
				CODE_SIGN_IDENTITY = "iPhone Developer";
				"CODE_SIGN_IDENTITY[sdk=appletvos*]" = "iPhone Developer";
				FRAMEWORK_SEARCH_PATHS = (
					"$(inherited)",
					"$(PROJECT_DIR)",
				);
				INFOPLIST_FILE = "ColorTV Demo Objective-C/Info.plist";
				LD_RUNPATH_SEARCH_PATHS = "$(inherited) @executable_path/Frameworks";
				PRODUCT_BUNDLE_IDENTIFIER = "com.colortv.Demo-Objective-C";
				PRODUCT_NAME = "ColorTV Demo";
				PROVISIONING_PROFILE = "";
			};
			name = Release;
		};
/* End XCBuildConfiguration section */

/* Begin XCConfigurationList section */
		1770051B1E797CFF00CEA751 /* Build configuration list for PBXNativeTarget "ColorTV Demo Objective-C iOS" */ = {
			isa = XCConfigurationList;
			buildConfigurations = (
				177005191E797CFF00CEA751 /* Debug */,
				1770051A1E797CFF00CEA751 /* Release */,
			);
			defaultConfigurationIsVisible = 0;
			defaultConfigurationName = Release;
		};
		CBF73A7C1C81039600C599A3 /* Build configuration list for PBXProject "ColorTV Demo Objective-C" */ = {
			isa = XCConfigurationList;
			buildConfigurations = (
				CBF73AA91C81039600C599A3 /* Debug */,
				CBF73AAA1C81039600C599A3 /* Release */,
			);
			defaultConfigurationIsVisible = 0;
			defaultConfigurationName = Release;
		};
		CBF73AAB1C81039600C599A3 /* Build configuration list for PBXNativeTarget "ColorTV Demo Objective-C" */ = {
			isa = XCConfigurationList;
			buildConfigurations = (
				CBF73AAC1C81039600C599A3 /* Debug */,
				CBF73AAD1C81039600C599A3 /* Release */,
			);
			defaultConfigurationIsVisible = 0;
			defaultConfigurationName = Release;
		};
/* End XCConfigurationList section */
	};
	rootObject = CBF73A791C81039600C599A3 /* Project object */;
}
