// !$*UTF8*$!
{
	archiveVersion = 1;
	classes = {
	};
	objectVersion = 46;
	objects = {

/* Begin PBXBuildFile section */
		CB96596B1C6B7DF800E17DE2 /* AppDelegate.swift in Sources */ = {isa = PBXBuildFile; fileRef = CB96596A1C6B7DF800E17DE2 /* AppDelegate.swift */; };
		CB96596D1C6B7DF800E17DE2 /* ViewController.swift in Sources */ = {isa = PBXBuildFile; fileRef = CB96596C1C6B7DF800E17DE2 /* ViewController.swift */; };
		CB9659701C6B7DF800E17DE2 /* Main.storyboard in Resources */ = {isa = PBXBuildFile; fileRef = CB96596E1C6B7DF800E17DE2 /* Main.storyboard */; };
		CB9659721C6B7DF800E17DE2 /* Assets.xcassets in Resources */ = {isa = PBXBuildFile; fileRef = CB9659711C6B7DF800E17DE2 /* Assets.xcassets */; };
		CBF73ABB1C811D6000C599A3 /* COLORAdFramework.framework in Frameworks */ = {isa = PBXBuildFile; fileRef = CBF73ABA1C811D6000C599A3 /* COLORAdFramework.framework */; };
		CBF73ABC1C811D6000C599A3 /* COLORAdFramework.framework in Embed Frameworks */ = {isa = PBXBuildFile; fileRef = CBF73ABA1C811D6000C599A3 /* COLORAdFramework.framework */; settings = {ATTRIBUTES = (CodeSignOnCopy, RemoveHeadersOnCopy, ); }; };
		CBF73ABE1C811F2100C599A3 /* demo-app-bg.png in Resources */ = {isa = PBXBuildFile; fileRef = CBF73ABD1C811F2100C599A3 /* demo-app-bg.png */; };
/* End PBXBuildFile section */

/* Begin PBXCopyFilesBuildPhase section */
		CB04E46B1C6B898C000AE6E3 /* Embed Frameworks */ = {
			isa = PBXCopyFilesBuildPhase;
			buildActionMask = 2147483647;
			dstPath = "";
			dstSubfolderSpec = 10;
			files = (
				CBF73ABC1C811D6000C599A3 /* COLORAdFramework.framework in Embed Frameworks */,
			);
			name = "Embed Frameworks";
			runOnlyForDeploymentPostprocessing = 0;
		};
/* End PBXCopyFilesBuildPhase section */

/* Begin PBXFileReference section */
		CB9659671C6B7DF800E17DE2 /* ColorTV Demo.app */ = {isa = PBXFileReference; explicitFileType = wrapper.application; includeInIndex = 0; path = "ColorTV Demo.app"; sourceTree = BUILT_PRODUCTS_DIR; };
		CB96596A1C6B7DF800E17DE2 /* AppDelegate.swift */ = {isa = PBXFileReference; lastKnownFileType = sourcecode.swift; path = AppDelegate.swift; sourceTree = "<group>"; };
		CB96596C1C6B7DF800E17DE2 /* ViewController.swift */ = {isa = PBXFileReference; lastKnownFileType = sourcecode.swift; path = ViewController.swift; sourceTree = "<group>"; };
		CB96596F1C6B7DF800E17DE2 /* Base */ = {isa = PBXFileReference; lastKnownFileType = file.storyboard; name = Base; path = Base.lproj/Main.storyboard; sourceTree = "<group>"; };
		CB9659711C6B7DF800E17DE2 /* Assets.xcassets */ = {isa = PBXFileReference; lastKnownFileType = folder.assetcatalog; path = Assets.xcassets; sourceTree = "<group>"; };
		CB9659731C6B7DF800E17DE2 /* Info.plist */ = {isa = PBXFileReference; lastKnownFileType = text.plist.xml; path = Info.plist; sourceTree = "<group>"; };
		CBF73ABA1C811D6000C599A3 /* COLORAdFramework.framework */ = {isa = PBXFileReference; lastKnownFileType = wrapper.framework; path = COLORAdFramework.framework; sourceTree = "<group>"; };
		CBF73ABD1C811F2100C599A3 /* demo-app-bg.png */ = {isa = PBXFileReference; lastKnownFileType = image.png; path = "demo-app-bg.png"; sourceTree = "<group>"; };
/* End PBXFileReference section */

/* Begin PBXFrameworksBuildPhase section */
		CB9659641C6B7DF800E17DE2 /* Frameworks */ = {
			isa = PBXFrameworksBuildPhase;
			buildActionMask = 2147483647;
			files = (
				CBF73ABB1C811D6000C599A3 /* COLORAdFramework.framework in Frameworks */,
			);
			runOnlyForDeploymentPostprocessing = 0;
		};
/* End PBXFrameworksBuildPhase section */

/* Begin PBXGroup section */
		CB96595E1C6B7DF800E17DE2 = {
			isa = PBXGroup;
			children = (
				CBF73ABA1C811D6000C599A3 /* COLORAdFramework.framework */,
				CB9659691C6B7DF800E17DE2 /* ColorTV Test App Swift */,
				CB9659681C6B7DF800E17DE2 /* Products */,
			);
			sourceTree = "<group>";
		};
		CB9659681C6B7DF800E17DE2 /* Products */ = {
			isa = PBXGroup;
			children = (
				CB9659671C6B7DF800E17DE2 /* ColorTV Demo.app */,
			);
			name = Products;
			sourceTree = "<group>";
		};
		CB9659691C6B7DF800E17DE2 /* ColorTV Test App Swift */ = {
			isa = PBXGroup;
			children = (
				CBF73ABD1C811F2100C599A3 /* demo-app-bg.png */,
				CB96596A1C6B7DF800E17DE2 /* AppDelegate.swift */,
				CB96596C1C6B7DF800E17DE2 /* ViewController.swift */,
				CB96596E1C6B7DF800E17DE2 /* Main.storyboard */,
				CB9659711C6B7DF800E17DE2 /* Assets.xcassets */,
				CB9659731C6B7DF800E17DE2 /* Info.plist */,
			);
			path = "ColorTV Test App Swift";
			sourceTree = "<group>";
		};
/* End PBXGroup section */

/* Begin PBXNativeTarget section */
		CB9659661C6B7DF800E17DE2 /* ColorTV Demo Swift */ = {
			isa = PBXNativeTarget;
			buildConfigurationList = CB96598C1C6B7DF800E17DE2 /* Build configuration list for PBXNativeTarget "ColorTV Demo Swift" */;
			buildPhases = (
				CB9659631C6B7DF800E17DE2 /* Sources */,
				CB9659641C6B7DF800E17DE2 /* Frameworks */,
				CB9659651C6B7DF800E17DE2 /* Resources */,
				CB04E46B1C6B898C000AE6E3 /* Embed Frameworks */,
			);
			buildRules = (
			);
			dependencies = (
			);
			name = "ColorTV Demo Swift";
			productName = "ColorTV Test App Swift";
			productReference = CB9659671C6B7DF800E17DE2 /* ColorTV Demo.app */;
			productType = "com.apple.product-type.application";
		};
/* End PBXNativeTarget section */

/* Begin PBXProject section */
		CB96595F1C6B7DF800E17DE2 /* Project object */ = {
			isa = PBXProject;
			attributes = {
				LastSwiftUpdateCheck = 0720;
				LastUpgradeCheck = 0720;
				ORGANIZATIONNAME = "Jordan Jasinski";
				TargetAttributes = {
					CB9659661C6B7DF800E17DE2 = {
						CreatedOnToolsVersion = 7.2.1;
						DevelopmentTeam = RW6DR85M92;
						LastSwiftMigration = 0800;
					};
				};
			};
			buildConfigurationList = CB9659621C6B7DF800E17DE2 /* Build configuration list for PBXProject "ColorTV Demo Swift" */;
			compatibilityVersion = "Xcode 3.2";
			developmentRegion = English;
			hasScannedForEncodings = 0;
			knownRegions = (
				en,
				Base,
			);
			mainGroup = CB96595E1C6B7DF800E17DE2;
			productRefGroup = CB9659681C6B7DF800E17DE2 /* Products */;
			projectDirPath = "";
			projectRoot = "";
			targets = (
				CB9659661C6B7DF800E17DE2 /* ColorTV Demo Swift */,
			);
		};
/* End PBXProject section */

/* Begin PBXResourcesBuildPhase section */
		CB9659651C6B7DF800E17DE2 /* Resources */ = {
			isa = PBXResourcesBuildPhase;
			buildActionMask = 2147483647;
			files = (
				CBF73ABE1C811F2100C599A3 /* demo-app-bg.png in Resources */,
				CB9659721C6B7DF800E17DE2 /* Assets.xcassets in Resources */,
				CB9659701C6B7DF800E17DE2 /* Main.storyboard in Resources */,
			);
			runOnlyForDeploymentPostprocessing = 0;
		};
/* End PBXResourcesBuildPhase section */

/* Begin PBXSourcesBuildPhase section */
		CB9659631C6B7DF800E17DE2 /* Sources */ = {
			isa = PBXSourcesBuildPhase;
			buildActionMask = 2147483647;
			files = (
				CB96596D1C6B7DF800E17DE2 /* ViewController.swift in Sources */,
				CB96596B1C6B7DF800E17DE2 /* AppDelegate.swift in Sources */,
			);
			runOnlyForDeploymentPostprocessing = 0;
		};
/* End PBXSourcesBuildPhase section */

/* Begin PBXVariantGroup section */
		CB96596E1C6B7DF800E17DE2 /* Main.storyboard */ = {
			isa = PBXVariantGroup;
			children = (
				CB96596F1C6B7DF800E17DE2 /* Base */,
			);
			name = Main.storyboard;
			sourceTree = "<group>";
		};
/* End PBXVariantGroup section */

/* Begin XCBuildConfiguration section */
		CB96598A1C6B7DF800E17DE2 /* Debug */ = {
			isa = XCBuildConfiguration;
			buildSettings = {
				ALWAYS_SEARCH_USER_PATHS = NO;
				CLANG_CXX_LANGUAGE_STANDARD = "gnu++0x";
				CLANG_CXX_LIBRARY = "libc++";
				CLANG_ENABLE_MODULES = YES;
				CLANG_ENABLE_OBJC_ARC = YES;
				CLANG_WARN_BOOL_CONVERSION = YES;
				CLANG_WARN_CONSTANT_CONVERSION = YES;
				CLANG_WARN_DIRECT_OBJC_ISA_USAGE = YES_ERROR;
				CLANG_WARN_EMPTY_BODY = YES;
				CLANG_WARN_ENUM_CONVERSION = YES;
				CLANG_WARN_INT_CONVERSION = YES;
				CLANG_WARN_OBJC_ROOT_CLASS = YES_ERROR;
				CLANG_WARN_UNREACHABLE_CODE = YES;
				CLANG_WARN__DUPLICATE_METHOD_MATCH = YES;
				COPY_PHASE_STRIP = NO;
				DEBUG_INFORMATION_FORMAT = dwarf;
				ENABLE_STRICT_OBJC_MSGSEND = YES;
				ENABLE_TESTABILITY = YES;
				GCC_C_LANGUAGE_STANDARD = gnu99;
				GCC_DYNAMIC_NO_PIC = NO;
				GCC_NO_COMMON_BLOCKS = YES;
				GCC_OPTIMIZATION_LEVEL = 0;
				GCC_PREPROCESSOR_DEFINITIONS = (
					"DEBUG=1",
					"$(inherited)",
				);
				GCC_WARN_64_TO_32_BIT_CONVERSION = YES;
				GCC_WARN_ABOUT_RETURN_TYPE = YES_ERROR;
				GCC_WARN_UNDECLARED_SELECTOR = YES;
				GCC_WARN_UNINITIALIZED_AUTOS = YES_AGGRESSIVE;
				GCC_WARN_UNUSED_FUNCTION = YES;
				GCC_WARN_UNUSED_VARIABLE = YES;
				MTL_ENABLE_DEBUG_INFO = YES;
				ONLY_ACTIVE_ARCH = YES;
				SDKROOT = appletvos;
				SWIFT_OPTIMIZATION_LEVEL = "-Onone";
				TARGETED_DEVICE_FAMILY = 3;
				TVOS_DEPLOYMENT_TARGET = 9.1;
			};
			name = Debug;
		};
		CB96598B1C6B7DF800E17DE2 /* Release */ = {
			isa = XCBuildConfiguration;
			buildSettings = {
				ALWAYS_SEARCH_USER_PATHS = NO;
				CLANG_CXX_LANGUAGE_STANDARD = "gnu++0x";
				CLANG_CXX_LIBRARY = "libc++";
				CLANG_ENABLE_MODULES = YES;
				CLANG_ENABLE_OBJC_ARC = YES;
				CLANG_WARN_BOOL_CONVERSION = YES;
				CLANG_WARN_CONSTANT_CONVERSION = YES;
				CLANG_WARN_DIRECT_OBJC_ISA_USAGE = YES_ERROR;
				CLANG_WARN_EMPTY_BODY = YES;
				CLANG_WARN_ENUM_CONVERSION = YES;
				CLANG_WARN_INT_CONVERSION = YES;
				CLANG_WARN_OBJC_ROOT_CLASS = YES_ERROR;
				CLANG_WARN_UNREACHABLE_CODE = YES;
				CLANG_WARN__DUPLICATE_METHOD_MATCH = YES;
				COPY_PHASE_STRIP = NO;
				DEBUG_INFORMATION_FORMAT = "dwarf-with-dsym";
				ENABLE_NS_ASSERTIONS = NO;
				ENABLE_STRICT_OBJC_MSGSEND = YES;
				GCC_C_LANGUAGE_STANDARD = gnu99;
				GCC_NO_COMMON_BLOCKS = YES;
				GCC_WARN_64_TO_32_BIT_CONVERSION = YES;
				GCC_WARN_ABOUT_RETURN_TYPE = YES_ERROR;
				GCC_WARN_UNDECLARED_SELECTOR = YES;
				GCC_WARN_UNINITIALIZED_AUTOS = YES_AGGRESSIVE;
				GCC_WARN_UNUSED_FUNCTION = YES;
				GCC_WARN_UNUSED_VARIABLE = YES;
				MTL_ENABLE_DEBUG_INFO = NO;
				SDKROOT = appletvos;
				TARGETED_DEVICE_FAMILY = 3;
				TVOS_DEPLOYMENT_TARGET = 9.1;
				VALIDATE_PRODUCT = YES;
			};
			name = Release;
		};
		CB96598D1C6B7DF800E17DE2 /* Debug */ = {
			isa = XCBuildConfiguration;
			buildSettings = {
				ASSETCATALOG_COMPILER_APPICON_NAME = "App Icon & Top Shelf Image";
				ASSETCATALOG_COMPILER_LAUNCHIMAGE_NAME = LaunchImage;
				CODE_SIGN_IDENTITY = "iPhone Developer";
				"CODE_SIGN_IDENTITY[sdk=appletvos*]" = "iPhone Developer";
				FRAMEWORK_SEARCH_PATHS = (
					"$(inherited)",
					"$(PROJECT_DIR)",
				);
				INFOPLIST_FILE = "ColorTV Test App Swift/Info.plist";
				LD_RUNPATH_SEARCH_PATHS = "$(inherited) @executable_path/Frameworks";
				PRODUCT_BUNDLE_IDENTIFIER = "com.colortv.ColorTV-Demo-Swift";
				PRODUCT_NAME = "ColorTV Demo";
				PROVISIONING_PROFILE = "";
				SWIFT_VERSION = 3.0;
			};
			name = Debug;
		};
		CB96598E1C6B7DF800E17DE2 /* Release */ = {
			isa = XCBuildConfiguration;
			buildSettings = {
				ASSETCATALOG_COMPILER_APPICON_NAME = "App Icon & Top Shelf Image";
				ASSETCATALOG_COMPILER_LAUNCHIMAGE_NAME = LaunchImage;
				CODE_SIGN_IDENTITY = "iPhone Developer";
				"CODE_SIGN_IDENTITY[sdk=appletvos*]" = "iPhone Developer";
				FRAMEWORK_SEARCH_PATHS = (
					"$(inherited)",
					"$(PROJECT_DIR)",
				);
				INFOPLIST_FILE = "ColorTV Test App Swift/Info.plist";
				LD_RUNPATH_SEARCH_PATHS = "$(inherited) @executable_path/Frameworks";
				PRODUCT_BUNDLE_IDENTIFIER = "com.colortv.ColorTV-Demo-Swift";
				PRODUCT_NAME = "ColorTV Demo";
				PROVISIONING_PROFILE = "";
				SWIFT_VERSION = 3.0;
			};
			name = Release;
		};
/* End XCBuildConfiguration section */

/* Begin XCConfigurationList section */
		CB9659621C6B7DF800E17DE2 /* Build configuration list for PBXProject "ColorTV Demo Swift" */ = {
			isa = XCConfigurationList;
			buildConfigurations = (
				CB96598A1C6B7DF800E17DE2 /* Debug */,
				CB96598B1C6B7DF800E17DE2 /* Release */,
			);
			defaultConfigurationIsVisible = 0;
			defaultConfigurationName = Release;
		};
		CB96598C1C6B7DF800E17DE2 /* Build configuration list for PBXNativeTarget "ColorTV Demo Swift" */ = {
			isa = XCConfigurationList;
			buildConfigurations = (
				CB96598D1C6B7DF800E17DE2 /* Debug */,
				CB96598E1C6B7DF800E17DE2 /* Release */,
			);
			defaultConfigurationIsVisible = 0;
			defaultConfigurationName = Release;
		};
/* End XCConfigurationList section */
	};
	rootObject = CB96595F1C6B7DF800E17DE2 /* Project object */;
}
