// !$*UTF8*$!
{
	archiveVersion = 1;
	classes = {
	};
	objectVersion = 46;
	objects = {

/* Begin PBXBuildFile section */
		1769B1981C26234E000E2E6A /* RPLTAdFramework.framework in Frameworks */ = {isa = PBXBuildFile; fileRef = 1769B1971C26234E000E2E6A /* RPLTAdFramework.framework */; };
		1769B19A1C2623B5000E2E6A /* RPLTAdFramework.framework in Embed Frameworks */ = {isa = PBXBuildFile; fileRef = 1769B1971C26234E000E2E6A /* RPLTAdFramework.framework */; settings = {ATTRIBUTES = (CodeSignOnCopy, RemoveHeadersOnCopy, ); }; };
		1779FD891C3C7FBE00FE1FC1 /* demo-app-bg.png in Resources */ = {isa = PBXBuildFile; fileRef = 1779FD881C3C7FBE00FE1FC1 /* demo-app-bg.png */; };
		1789ED0E1C1F56C200B3B50A /* main.m in Sources */ = {isa = PBXBuildFile; fileRef = 1789ED0D1C1F56C200B3B50A /* main.m */; };
		1789ED111C1F56C200B3B50A /* AppDelegate.m in Sources */ = {isa = PBXBuildFile; fileRef = 1789ED101C1F56C200B3B50A /* AppDelegate.m */; };
		1789ED141C1F56C200B3B50A /* ViewController.m in Sources */ = {isa = PBXBuildFile; fileRef = 1789ED131C1F56C200B3B50A /* ViewController.m */; };
		1789ED171C1F56C200B3B50A /* Main.storyboard in Resources */ = {isa = PBXBuildFile; fileRef = 1789ED151C1F56C200B3B50A /* Main.storyboard */; };
		1789ED191C1F56C200B3B50A /* Assets.xcassets in Resources */ = {isa = PBXBuildFile; fileRef = 1789ED181C1F56C200B3B50A /* Assets.xcassets */; };
/* End PBXBuildFile section */

/* Begin PBXCopyFilesBuildPhase section */
		17704F5D1C1F73370061D7EF /* Embed Frameworks */ = {
			isa = PBXCopyFilesBuildPhase;
			buildActionMask = 2147483647;
			dstPath = "";
			dstSubfolderSpec = 10;
			files = (
				1769B19A1C2623B5000E2E6A /* RPLTAdFramework.framework in Embed Frameworks */,
			);
			name = "Embed Frameworks";
			runOnlyForDeploymentPostprocessing = 0;
		};
/* End PBXCopyFilesBuildPhase section */

/* Begin PBXFileReference section */
		1769B1971C26234E000E2E6A /* RPLTAdFramework.framework */ = {isa = PBXFileReference; lastKnownFileType = wrapper.framework; path = RPLTAdFramework.framework; sourceTree = "<group>"; };
		1779FD881C3C7FBE00FE1FC1 /* demo-app-bg.png */ = {isa = PBXFileReference; lastKnownFileType = image.png; path = "demo-app-bg.png"; sourceTree = "<group>"; };
		1789ED091C1F56C200B3B50A /* Replay Test App.app */ = {isa = PBXFileReference; explicitFileType = wrapper.application; includeInIndex = 0; path = "Replay Test App.app"; sourceTree = BUILT_PRODUCTS_DIR; };
		1789ED0D1C1F56C200B3B50A /* main.m */ = {isa = PBXFileReference; lastKnownFileType = sourcecode.c.objc; path = main.m; sourceTree = "<group>"; };
		1789ED0F1C1F56C200B3B50A /* AppDelegate.h */ = {isa = PBXFileReference; lastKnownFileType = sourcecode.c.h; path = AppDelegate.h; sourceTree = "<group>"; };
		1789ED101C1F56C200B3B50A /* AppDelegate.m */ = {isa = PBXFileReference; lastKnownFileType = sourcecode.c.objc; path = AppDelegate.m; sourceTree = "<group>"; };
		1789ED121C1F56C200B3B50A /* ViewController.h */ = {isa = PBXFileReference; lastKnownFileType = sourcecode.c.h; path = ViewController.h; sourceTree = "<group>"; };
		1789ED131C1F56C200B3B50A /* ViewController.m */ = {isa = PBXFileReference; lastKnownFileType = sourcecode.c.objc; path = ViewController.m; sourceTree = "<group>"; };
		1789ED161C1F56C200B3B50A /* Base */ = {isa = PBXFileReference; lastKnownFileType = file.storyboard; name = Base; path = Base.lproj/Main.storyboard; sourceTree = "<group>"; };
		1789ED181C1F56C200B3B50A /* Assets.xcassets */ = {isa = PBXFileReference; lastKnownFileType = folder.assetcatalog; path = Assets.xcassets; sourceTree = "<group>"; };
		1789ED1A1C1F56C200B3B50A /* Info.plist */ = {isa = PBXFileReference; lastKnownFileType = text.plist.xml; path = Info.plist; sourceTree = "<group>"; };
/* End PBXFileReference section */

/* Begin PBXFrameworksBuildPhase section */
		1789ED061C1F56C200B3B50A /* Frameworks */ = {
			isa = PBXFrameworksBuildPhase;
			buildActionMask = 2147483647;
			files = (
				1769B1981C26234E000E2E6A /* RPLTAdFramework.framework in Frameworks */,
			);
			runOnlyForDeploymentPostprocessing = 0;
		};
/* End PBXFrameworksBuildPhase section */

/* Begin PBXGroup section */
		1789ED001C1F56C200B3B50A = {
			isa = PBXGroup;
			children = (
				1769B1971C26234E000E2E6A /* RPLTAdFramework.framework */,
				1789ED0B1C1F56C200B3B50A /* Replayt Example */,
				1789ED0A1C1F56C200B3B50A /* Products */,
			);
			sourceTree = "<group>";
		};
		1789ED0A1C1F56C200B3B50A /* Products */ = {
			isa = PBXGroup;
			children = (
				1789ED091C1F56C200B3B50A /* Replay Test App.app */,
			);
			name = Products;
			sourceTree = "<group>";
		};
		1789ED0B1C1F56C200B3B50A /* Replayt Example */ = {
			isa = PBXGroup;
			children = (
				1789ED0F1C1F56C200B3B50A /* AppDelegate.h */,
				1789ED101C1F56C200B3B50A /* AppDelegate.m */,
				1789ED121C1F56C200B3B50A /* ViewController.h */,
				1789ED131C1F56C200B3B50A /* ViewController.m */,
				1779FD881C3C7FBE00FE1FC1 /* demo-app-bg.png */,
				1789ED151C1F56C200B3B50A /* Main.storyboard */,
				1789ED181C1F56C200B3B50A /* Assets.xcassets */,
				1789ED1A1C1F56C200B3B50A /* Info.plist */,
				1789ED0C1C1F56C200B3B50A /* Supporting Files */,
			);
			path = "Replayt Example";
			sourceTree = "<group>";
		};
		1789ED0C1C1F56C200B3B50A /* Supporting Files */ = {
			isa = PBXGroup;
			children = (
				1789ED0D1C1F56C200B3B50A /* main.m */,
			);
			name = "Supporting Files";
			sourceTree = "<group>";
		};
/* End PBXGroup section */

/* Begin PBXNativeTarget section */
		1789ED081C1F56C200B3B50A /* Replay Test App */ = {
			isa = PBXNativeTarget;
			buildConfigurationList = 1789ED1D1C1F56C200B3B50A /* Build configuration list for PBXNativeTarget "Replay Test App" */;
			buildPhases = (
				1789ED051C1F56C200B3B50A /* Sources */,
				1789ED061C1F56C200B3B50A /* Frameworks */,
				1789ED071C1F56C200B3B50A /* Resources */,
				17704F5D1C1F73370061D7EF /* Embed Frameworks */,
			);
			buildRules = (
			);
			dependencies = (
			);
			name = "Replay Test App";
			productName = "Replayt Example";
			productReference = 1789ED091C1F56C200B3B50A /* Replay Test App.app */;
			productType = "com.apple.product-type.application";
		};
/* End PBXNativeTarget section */

/* Begin PBXProject section */
		1789ED011C1F56C200B3B50A /* Project object */ = {
			isa = PBXProject;
			attributes = {
				LastUpgradeCheck = 0720;
				ORGANIZATIONNAME = "Jordan Jasinski";
				TargetAttributes = {
					1789ED081C1F56C200B3B50A = {
						CreatedOnToolsVersion = 7.2;
						DevelopmentTeam = MRE2S3DP28;
					};
				};
			};
			buildConfigurationList = 1789ED041C1F56C200B3B50A /* Build configuration list for PBXProject "Replay Test App" */;
			compatibilityVersion = "Xcode 3.2";
			developmentRegion = English;
			hasScannedForEncodings = 0;
			knownRegions = (
				en,
				Base,
			);
			mainGroup = 1789ED001C1F56C200B3B50A;
			productRefGroup = 1789ED0A1C1F56C200B3B50A /* Products */;
			projectDirPath = "";
			projectRoot = "";
			targets = (
				1789ED081C1F56C200B3B50A /* Replay Test App */,
			);
		};
/* End PBXProject section */

/* Begin PBXResourcesBuildPhase section */
		1789ED071C1F56C200B3B50A /* Resources */ = {
			isa = PBXResourcesBuildPhase;
			buildActionMask = 2147483647;
			files = (
				1779FD891C3C7FBE00FE1FC1 /* demo-app-bg.png in Resources */,
				1789ED191C1F56C200B3B50A /* Assets.xcassets in Resources */,
				1789ED171C1F56C200B3B50A /* Main.storyboard in Resources */,
			);
			runOnlyForDeploymentPostprocessing = 0;
		};
/* End PBXResourcesBuildPhase section */

/* Begin PBXSourcesBuildPhase section */
		1789ED051C1F56C200B3B50A /* Sources */ = {
			isa = PBXSourcesBuildPhase;
			buildActionMask = 2147483647;
			files = (
				1789ED141C1F56C200B3B50A /* ViewController.m in Sources */,
				1789ED111C1F56C200B3B50A /* AppDelegate.m in Sources */,
				1789ED0E1C1F56C200B3B50A /* main.m in Sources */,
			);
			runOnlyForDeploymentPostprocessing = 0;
		};
/* End PBXSourcesBuildPhase section */

/* Begin PBXVariantGroup section */
		1789ED151C1F56C200B3B50A /* Main.storyboard */ = {
			isa = PBXVariantGroup;
			children = (
				1789ED161C1F56C200B3B50A /* Base */,
			);
			name = Main.storyboard;
			sourceTree = "<group>";
		};
/* End PBXVariantGroup section */

/* Begin XCBuildConfiguration section */
		1789ED1B1C1F56C200B3B50A /* Debug */ = {
			isa = XCBuildConfiguration;
			buildSettings = {
				ALWAYS_SEARCH_USER_PATHS = NO;
				CLANG_CXX_LANGUAGE_STANDARD = "gnu++0x";
				CLANG_CXX_LIBRARY = "libc++";
				CLANG_ENABLE_MODULES = YES;
				CLANG_ENABLE_OBJC_ARC = YES;
				CLANG_WARN_BOOL_CONVERSION = YES;
				CLANG_WARN_CONSTANT_CONVERSION = YES;
				CLANG_WARN_DIRECT_OBJC_ISA_USAGE = YES_ERROR;
				CLANG_WARN_EMPTY_BODY = YES;
				CLANG_WARN_ENUM_CONVERSION = YES;
				CLANG_WARN_INT_CONVERSION = YES;
				CLANG_WARN_OBJC_ROOT_CLASS = YES_ERROR;
				CLANG_WARN_UNREACHABLE_CODE = YES;
				CLANG_WARN__DUPLICATE_METHOD_MATCH = YES;
				COPY_PHASE_STRIP = NO;
				DEBUG_INFORMATION_FORMAT = dwarf;
				ENABLE_STRICT_OBJC_MSGSEND = YES;
				ENABLE_TESTABILITY = YES;
				GCC_C_LANGUAGE_STANDARD = gnu99;
				GCC_DYNAMIC_NO_PIC = NO;
				GCC_NO_COMMON_BLOCKS = YES;
				GCC_OPTIMIZATION_LEVEL = 0;
				GCC_PREPROCESSOR_DEFINITIONS = (
					"DEBUG=1",
					"$(inherited)",
				);
				GCC_WARN_64_TO_32_BIT_CONVERSION = YES;
				GCC_WARN_ABOUT_RETURN_TYPE = YES_ERROR;
				GCC_WARN_UNDECLARED_SELECTOR = YES;
				GCC_WARN_UNINITIALIZED_AUTOS = YES_AGGRESSIVE;
				GCC_WARN_UNUSED_FUNCTION = YES;
				GCC_WARN_UNUSED_VARIABLE = YES;
				MTL_ENABLE_DEBUG_INFO = YES;
				ONLY_ACTIVE_ARCH = YES;
				SDKROOT = appletvos;
				TARGETED_DEVICE_FAMILY = 3;
				TVOS_DEPLOYMENT_TARGET = 9.1;
			};
			name = Debug;
		};
		1789ED1C1C1F56C200B3B50A /* Release */ = {
			isa = XCBuildConfiguration;
			buildSettings = {
				ALWAYS_SEARCH_USER_PATHS = NO;
				CLANG_CXX_LANGUAGE_STANDARD = "gnu++0x";
				CLANG_CXX_LIBRARY = "libc++";
				CLANG_ENABLE_MODULES = YES;
				CLANG_ENABLE_OBJC_ARC = YES;
				CLANG_WARN_BOOL_CONVERSION = YES;
				CLANG_WARN_CONSTANT_CONVERSION = YES;
				CLANG_WARN_DIRECT_OBJC_ISA_USAGE = YES_ERROR;
				CLANG_WARN_EMPTY_BODY = YES;
				CLANG_WARN_ENUM_CONVERSION = YES;
				CLANG_WARN_INT_CONVERSION = YES;
				CLANG_WARN_OBJC_ROOT_CLASS = YES_ERROR;
				CLANG_WARN_UNREACHABLE_CODE = YES;
				CLANG_WARN__DUPLICATE_METHOD_MATCH = YES;
				COPY_PHASE_STRIP = NO;
				DEBUG_INFORMATION_FORMAT = "dwarf-with-dsym";
				ENABLE_NS_ASSERTIONS = NO;
				ENABLE_STRICT_OBJC_MSGSEND = YES;
				GCC_C_LANGUAGE_STANDARD = gnu99;
				GCC_NO_COMMON_BLOCKS = YES;
				GCC_WARN_64_TO_32_BIT_CONVERSION = YES;
				GCC_WARN_ABOUT_RETURN_TYPE = YES_ERROR;
				GCC_WARN_UNDECLARED_SELECTOR = YES;
				GCC_WARN_UNINITIALIZED_AUTOS = YES_AGGRESSIVE;
				GCC_WARN_UNUSED_FUNCTION = YES;
				GCC_WARN_UNUSED_VARIABLE = YES;
				MTL_ENABLE_DEBUG_INFO = NO;
				SDKROOT = appletvos;
				TARGETED_DEVICE_FAMILY = 3;
				TVOS_DEPLOYMENT_TARGET = 9.1;
				VALIDATE_PRODUCT = YES;
			};
			name = Release;
		};
		1789ED1E1C1F56C200B3B50A /* Debug */ = {
			isa = XCBuildConfiguration;
			buildSettings = {
				ASSETCATALOG_COMPILER_APPICON_NAME = "App Icon & Top Shelf Image";
				ASSETCATALOG_COMPILER_LAUNCHIMAGE_NAME = LaunchImage;
				CODE_SIGN_IDENTITY = "iPhone Developer";
				"CODE_SIGN_IDENTITY[sdk=appletvos*]" = "iPhone Developer";
				FRAMEWORK_SEARCH_PATHS = (
					"$(inherited)",
					"$(PROJECT_DIR)",
				);
				INFOPLIST_FILE = "Replayt Example/Info.plist";
				LD_RUNPATH_SEARCH_PATHS = "$(inherited) @executable_path/Frameworks";
				PRODUCT_BUNDLE_IDENTIFIER = "aero.skyisthelimit.Replayt-Example";
				PRODUCT_NAME = "Replay Test App";
				PROVISIONING_PROFILE = "";
			};
			name = Debug;
		};
		1789ED1F1C1F56C200B3B50A /* Release */ = {
			isa = XCBuildConfiguration;
			buildSettings = {
				ASSETCATALOG_COMPILER_APPICON_NAME = "App Icon & Top Shelf Image";
				ASSETCATALOG_COMPILER_LAUNCHIMAGE_NAME = LaunchImage;
				CODE_SIGN_IDENTITY = "iPhone Developer";
				"CODE_SIGN_IDENTITY[sdk=appletvos*]" = "iPhone Developer";
				FRAMEWORK_SEARCH_PATHS = (
					"$(inherited)",
					"$(PROJECT_DIR)",
				);
				INFOPLIST_FILE = "Replayt Example/Info.plist";
				LD_RUNPATH_SEARCH_PATHS = "$(inherited) @executable_path/Frameworks";
				PRODUCT_BUNDLE_IDENTIFIER = "aero.skyisthelimit.Replayt-Example";
				PRODUCT_NAME = "Replay Test App";
				PROVISIONING_PROFILE = "";
			};
			name = Release;
		};
/* End XCBuildConfiguration section */

/* Begin XCConfigurationList section */
		1789ED041C1F56C200B3B50A /* Build configuration list for PBXProject "Replay Test App" */ = {
			isa = XCConfigurationList;
			buildConfigurations = (
				1789ED1B1C1F56C200B3B50A /* Debug */,
				1789ED1C1C1F56C200B3B50A /* Release */,
			);
			defaultConfigurationIsVisible = 0;
			defaultConfigurationName = Release;
		};
		1789ED1D1C1F56C200B3B50A /* Build configuration list for PBXNativeTarget "Replay Test App" */ = {
			isa = XCConfigurationList;
			buildConfigurations = (
				1789ED1E1C1F56C200B3B50A /* Debug */,
				1789ED1F1C1F56C200B3B50A /* Release */,
			);
			defaultConfigurationIsVisible = 0;
			defaultConfigurationName = Release;
		};
/* End XCConfigurationList section */
	};
	rootObject = 1789ED011C1F56C200B3B50A /* Project object */;
}
